
Microsoft Visual Studio Solution File, Format Version 12.00
# Visual Studio Version 16
VisualStudioVersion = 16.0.30320.27
MinimumVisualStudioVersion = 10.0.40219.1
Project("{888888A0-9F3D-457C-B088-3A5042F75D52}") = "WebStore_Django", "WebStore_Django\WebStore_Django.pyproj", "{C92BCC9A-8079-461F-93D4-821473DEB762}"
EndProject
Global
	GlobalSection(SolutionConfigurationPlatforms) = preSolution
		Debug|Any CPU = Debug|Any CPU
		Release|Any CPU = Release|Any CPU
	EndGlobalSection
	GlobalSection(ProjectConfigurationPlatforms) = postSolution
		{C92BCC9A-8079-461F-93D4-821473DEB762}.Debug|Any CPU.ActiveCfg = Debug|Any CPU
		{C92BCC9A-8079-461F-93D4-821473DEB762}.Debug|Any CPU.Build.0 = Debug|Any CPU
		{C92BCC9A-8079-461F-93D4-821473DEB762}.Release|Any CPU.ActiveCfg = Release|Any CPU
		{C92BCC9A-8079-461F-93D4-821473DEB762}.Release|Any CPU.Build.0 = Release|Any CPU
	EndGlobalSection
	GlobalSection(SolutionProperties) = preSolution
		HideSolutionNode = FALSE
	EndGlobalSection
	GlobalSection(ExtensibilityGlobals) = postSolution
		SolutionGuid = {BF332344-C6A7-42B6-B9AD-5086D3AFFEE8}
	EndGlobalSection
EndGlobal
